
Microsoft Visual Studio Solution File, Format Version 12.00
# Visual Studio Version 16
VisualStudioVersion = 16.0.30104.148
MinimumVisualStudioVersion = 10.0.40219.1
Project("{888888A0-9F3D-457C-B088-3A5042F75D52}") = "Faster_Mean_Shift", "Faster_Mean_Shift.pyproj", "{F51ED0BE-AB0E-431D-90FA-DBF4677A3B17}"
EndProject
Global
	GlobalSection(SolutionConfigurationPlatforms) = preSolution
		Debug|Any CPU = Debug|Any CPU
		Release|Any CPU = Release|Any CPU
	EndGlobalSection
	GlobalSection(ProjectConfigurationPlatforms) = postSolution
		{F51ED0BE-AB0E-431D-90FA-DBF4677A3B17}.Debug|Any CPU.ActiveCfg = Debug|Any CPU
		{F51ED0BE-AB0E-431D-90FA-DBF4677A3B17}.Release|Any CPU.ActiveCfg = Release|Any CPU
	EndGlobalSection
	GlobalSection(SolutionProperties) = preSolution
		HideSolutionNode = FALSE
	EndGlobalSection
	GlobalSection(ExtensibilityGlobals) = postSolution
		SolutionGuid = {3E854519-AF5B-4ED1-B98C-D8477392C2B2}
	EndGlobalSection
EndGlobal
